
Microsoft Visual Studio Solution File, Format Version 12.00
# Visual Studio Version 16
VisualStudioVersion = 16.0.30517.126
MinimumVisualStudioVersion = 10.0.40219.1
Project("{FAE04EC0-301F-11D3-BF4B-00C04F79EFBC}") = "CertificateChecker", "CertificateChecker\CertificateChecker.csproj", "{EB0646A5-CC59-449F-9849-F79A64DCE91F}"
EndProject
Global
	GlobalSection(SolutionConfigurationPlatforms) = preSolution
		Debug|Any CPU = Debug|Any CPU
		Release|Any CPU = Release|Any CPU
	EndGlobalSection
	GlobalSection(ProjectConfigurationPlatforms) = postSolution
		{EB0646A5-CC59-449F-9849-F79A64DCE91F}.Debug|Any CPU.ActiveCfg = Debug|Any CPU
		{EB0646A5-CC59-449F-9849-F79A64DCE91F}.Debug|Any CPU.Build.0 = Debug|Any CPU
		{EB0646A5-CC59-449F-9849-F79A64DCE91F}.Release|Any CPU.ActiveCfg = Release|Any CPU
		{EB0646A5-CC59-449F-9849-F79A64DCE91F}.Release|Any CPU.Build.0 = Release|Any CPU
	EndGlobalSection
	GlobalSection(SolutionProperties) = preSolution
		HideSolutionNode = FALSE
	EndGlobalSection
	GlobalSection(ExtensibilityGlobals) = postSolution
		SolutionGuid = {7BF4199E-C2B3-4744-B1B3-C9ADCCA58386}
	EndGlobalSection
EndGlobal
